// !$*UTF8*$!
{
	archiveVersion = 1;
	classes = {
	};
	objectVersion = 55;
	objects = {

/* Begin PBXBuildFile section */
		00823451276B5CE900DE6CE4 /* QuoteViewController.swift in Sources */ = {isa = PBXBuildFile; fileRef = 00823450276B5CE900DE6CE4 /* QuoteViewController.swift */; };
		0085B39D276B3A1200DB61CD /* AppDelegate.swift in Sources */ = {isa = PBXBuildFile; fileRef = 0085B39C276B3A1200DB61CD /* AppDelegate.swift */; };
		0085B39F276B3A1200DB61CD /* SceneDelegate.swift in Sources */ = {isa = PBXBuildFile; fileRef = 0085B39E276B3A1200DB61CD /* SceneDelegate.swift */; };
		0085B3A1276B3A1200DB61CD /* AuthorViewController.swift in Sources */ = {isa = PBXBuildFile; fileRef = 0085B3A0276B3A1200DB61CD /* AuthorViewController.swift */; };
		0085B3A4276B3A1200DB61CD /* Main.storyboard in Resources */ = {isa = PBXBuildFile; fileRef = 0085B3A2276B3A1200DB61CD /* Main.storyboard */; };
		0085B3A6276B3A1300DB61CD /* Assets.xcassets in Resources */ = {isa = PBXBuildFile; fileRef = 0085B3A5276B3A1300DB61CD /* Assets.xcassets */; };
		0085B3A9276B3A1300DB61CD /* LaunchScreen.storyboard in Resources */ = {isa = PBXBuildFile; fileRef = 0085B3A7276B3A1300DB61CD /* LaunchScreen.storyboard */; };
		0085B3B4276B3AA000DB61CD /* QuoteModel.swift in Sources */ = {isa = PBXBuildFile; fileRef = 0085B3B3276B3AA000DB61CD /* QuoteModel.swift */; };
		0085B3B6276B3D2100DB61CD /* Constants.swift in Sources */ = {isa = PBXBuildFile; fileRef = 0085B3B5276B3D2100DB61CD /* Constants.swift */; };
		0085B3B8276B3E5700DB61CD /* AuthorModel.swift in Sources */ = {isa = PBXBuildFile; fileRef = 0085B3B7276B3E5700DB61CD /* AuthorModel.swift */; };
		0085B3BF276B523400DB61CD /* QuoteTableViewCell.swift in Sources */ = {isa = PBXBuildFile; fileRef = 0085B3BD276B523300DB61CD /* QuoteTableViewCell.swift */; };
		0085B3C0276B523400DB61CD /* QuoteTableViewCell.xib in Resources */ = {isa = PBXBuildFile; fileRef = 0085B3BE276B523300DB61CD /* QuoteTableViewCell.xib */; };
/* End PBXBuildFile section */

/* Begin PBXFileReference section */
		00823450276B5CE900DE6CE4 /* QuoteViewController.swift */ = {isa = PBXFileReference; lastKnownFileType = sourcecode.swift; path = QuoteViewController.swift; sourceTree = "<group>"; };
		0085B399276B3A1200DB61CD /* Quotes.app */ = {isa = PBXFileReference; explicitFileType = wrapper.application; includeInIndex = 0; path = Quotes.app; sourceTree = BUILT_PRODUCTS_DIR; };
		0085B39C276B3A1200DB61CD /* AppDelegate.swift */ = {isa = PBXFileReference; lastKnownFileType = sourcecode.swift; path = AppDelegate.swift; sourceTree = "<group>"; };
		0085B39E276B3A1200DB61CD /* SceneDelegate.swift */ = {isa = PBXFileReference; lastKnownFileType = sourcecode.swift; path = SceneDelegate.swift; sourceTree = "<group>"; };
		0085B3A0276B3A1200DB61CD /* AuthorViewController.swift */ = {isa = PBXFileReference; lastKnownFileType = sourcecode.swift; path = AuthorViewController.swift; sourceTree = "<group>"; };
		0085B3A3276B3A1200DB61CD /* Base */ = {isa = PBXFileReference; lastKnownFileType = file.storyboard; name = Base; path = Base.lproj/Main.storyboard; sourceTree = "<group>"; };
		0085B3A5276B3A1300DB61CD /* Assets.xcassets */ = {isa = PBXFileReference; lastKnownFileType = folder.assetcatalog; path = Assets.xcassets; sourceTree = "<group>"; };
		0085B3A8276B3A1300DB61CD /* Base */ = {isa = PBXFileReference; lastKnownFileType = file.storyboard; name = Base; path = Base.lproj/LaunchScreen.storyboard; sourceTree = "<group>"; };
		0085B3AA276B3A1300DB61CD /* Info.plist */ = {isa = PBXFileReference; lastKnownFileType = text.plist.xml; path = Info.plist; sourceTree = "<group>"; };
		0085B3B3276B3AA000DB61CD /* QuoteModel.swift */ = {isa = PBXFileReference; lastKnownFileType = sourcecode.swift; name = QuoteModel.swift; path = Quotes/Model/QuoteModel.swift; sourceTree = SOURCE_ROOT; };
		0085B3B5276B3D2100DB61CD /* Constants.swift */ = {isa = PBXFileReference; lastKnownFileType = sourcecode.swift; name = Constants.swift; path = View/Constants.swift; sourceTree = "<group>"; };
		0085B3B7276B3E5700DB61CD /* AuthorModel.swift */ = {isa = PBXFileReference; lastKnownFileType = sourcecode.swift; name = AuthorModel.swift; path = Quotes/Model/AuthorModel.swift; sourceTree = SOURCE_ROOT; };
		0085B3BD276B523300DB61CD /* QuoteTableViewCell.swift */ = {isa = PBXFileReference; lastKnownFileType = sourcecode.swift; path = QuoteTableViewCell.swift; sourceTree = "<group>"; };
		0085B3BE276B523300DB61CD /* QuoteTableViewCell.xib */ = {isa = PBXFileReference; lastKnownFileType = file.xib; path = QuoteTableViewCell.xib; sourceTree = "<group>"; };
/* End PBXFileReference section */

/* Begin PBXFrameworksBuildPhase section */
		0085B396276B3A1200DB61CD /* Frameworks */ = {
			isa = PBXFrameworksBuildPhase;
			buildActionMask = 2147483647;
			files = (
			);
			runOnlyForDeploymentPostprocessing = 0;
		};
/* End PBXFrameworksBuildPhase section */

/* Begin PBXGroup section */
		0085B390276B3A1200DB61CD = {
			isa = PBXGroup;
			children = (
				0085B39B276B3A1200DB61CD /* Quotes */,
				0085B39A276B3A1200DB61CD /* Products */,
			);
			sourceTree = "<group>";
		};
		0085B39A276B3A1200DB61CD /* Products */ = {
			isa = PBXGroup;
			children = (
				0085B399276B3A1200DB61CD /* Quotes.app */,
			);
			name = Products;
			sourceTree = "<group>";
		};
		0085B39B276B3A1200DB61CD /* Quotes */ = {
			isa = PBXGroup;
			children = (
				0085B3B5276B3D2100DB61CD /* Constants.swift */,
				0085B3B0276B3A2600DB61CD /* Model */,
				0085B3B1276B3A2F00DB61CD /* View */,
				0085B3B2276B3A3600DB61CD /* Controller */,
				0085B39C276B3A1200DB61CD /* AppDelegate.swift */,
				0085B39E276B3A1200DB61CD /* SceneDelegate.swift */,
				0085B3A5276B3A1300DB61CD /* Assets.xcassets */,
				0085B3AA276B3A1300DB61CD /* Info.plist */,
			);
			path = Quotes;
			sourceTree = "<group>";
		};
		0085B3B0276B3A2600DB61CD /* Model */ = {
			isa = PBXGroup;
			children = (
				0085B3B7276B3E5700DB61CD /* AuthorModel.swift */,
				0085B3B3276B3AA000DB61CD /* QuoteModel.swift */,
			);
			path = Model;
			sourceTree = "<group>";
		};
		0085B3B1276B3A2F00DB61CD /* View */ = {
			isa = PBXGroup;
			children = (
				0085B3A7276B3A1300DB61CD /* LaunchScreen.storyboard */,
				0085B3A2276B3A1200DB61CD /* Main.storyboard */,
				0085B3BD276B523300DB61CD /* QuoteTableViewCell.swift */,
				0085B3BE276B523300DB61CD /* QuoteTableViewCell.xib */,
			);
			path = View;
			sourceTree = "<group>";
		};
		0085B3B2276B3A3600DB61CD /* Controller */ = {
			isa = PBXGroup;
			children = (
				00823450276B5CE900DE6CE4 /* QuoteViewController.swift */,
				0085B3A0276B3A1200DB61CD /* AuthorViewController.swift */,
			);
			path = Controller;
			sourceTree = "<group>";
		};
/* End PBXGroup section */

/* Begin PBXNativeTarget section */
		0085B398276B3A1200DB61CD /* Quotes */ = {
			isa = PBXNativeTarget;
			buildConfigurationList = 0085B3AD276B3A1300DB61CD /* Build configuration list for PBXNativeTarget "Quotes" */;
			buildPhases = (
				0085B395276B3A1200DB61CD /* Sources */,
				0085B396276B3A1200DB61CD /* Frameworks */,
				0085B397276B3A1200DB61CD /* Resources */,
			);
			buildRules = (
			);
			dependencies = (
			);
			name = Quotes;
			productName = Quotes;
			productReference = 0085B399276B3A1200DB61CD /* Quotes.app */;
			productType = "com.apple.product-type.application";
		};
/* End PBXNativeTarget section */

/* Begin PBXProject section */
		0085B391276B3A1200DB61CD /* Project object */ = {
			isa = PBXProject;
			attributes = {
				BuildIndependentTargetsInParallel = 1;
				LastSwiftUpdateCheck = 1310;
				LastUpgradeCheck = 1310;
				TargetAttributes = {
					0085B398276B3A1200DB61CD = {
						CreatedOnToolsVersion = 13.1;
					};
				};
			};
			buildConfigurationList = 0085B394276B3A1200DB61CD /* Build configuration list for PBXProject "Quotes" */;
			compatibilityVersion = "Xcode 13.0";
			developmentRegion = en;
			hasScannedForEncodings = 0;
			knownRegions = (
				en,
				Base,
			);
			mainGroup = 0085B390276B3A1200DB61CD;
			productRefGroup = 0085B39A276B3A1200DB61CD /* Products */;
			projectDirPath = "";
			projectRoot = "";
			targets = (
				0085B398276B3A1200DB61CD /* Quotes */,
			);
		};
/* End PBXProject section */

/* Begin PBXResourcesBuildPhase section */
		0085B397276B3A1200DB61CD /* Resources */ = {
			isa = PBXResourcesBuildPhase;
			buildActionMask = 2147483647;
			files = (
				0085B3C0276B523400DB61CD /* QuoteTableViewCell.xib in Resources */,
				0085B3A9276B3A1300DB61CD /* LaunchScreen.storyboard in Resources */,
				0085B3A6276B3A1300DB61CD /* Assets.xcassets in Resources */,
				0085B3A4276B3A1200DB61CD /* Main.storyboard in Resources */,
			);
			runOnlyForDeploymentPostprocessing = 0;
		};
/* End PBXResourcesBuildPhase section */

/* Begin PBXSourcesBuildPhase section */
		0085B395276B3A1200DB61CD /* Sources */ = {
			isa = PBXSourcesBuildPhase;
			buildActionMask = 2147483647;
			files = (
				0085B3B6276B3D2100DB61CD /* Constants.swift in Sources */,
				00823451276B5CE900DE6CE4 /* QuoteViewController.swift in Sources */,
				0085B3A1276B3A1200DB61CD /* AuthorViewController.swift in Sources */,
				0085B39D276B3A1200DB61CD /* AppDelegate.swift in Sources */,
				0085B3B4276B3AA000DB61CD /* QuoteModel.swift in Sources */,
				0085B3BF276B523400DB61CD /* QuoteTableViewCell.swift in Sources */,
				0085B3B8276B3E5700DB61CD /* AuthorModel.swift in Sources */,
				0085B39F276B3A1200DB61CD /* SceneDelegate.swift in Sources */,
			);
			runOnlyForDeploymentPostprocessing = 0;
		};
/* End PBXSourcesBuildPhase section */

/* Begin PBXVariantGroup section */
		0085B3A2276B3A1200DB61CD /* Main.storyboard */ = {
			isa = PBXVariantGroup;
			children = (
				0085B3A3276B3A1200DB61CD /* Base */,
			);
			name = Main.storyboard;
			sourceTree = "<group>";
		};
		0085B3A7276B3A1300DB61CD /* LaunchScreen.storyboard */ = {
			isa = PBXVariantGroup;
			children = (
				0085B3A8276B3A1300DB61CD /* Base */,
			);
			name = LaunchScreen.storyboard;
			sourceTree = "<group>";
		};
/* End PBXVariantGroup section */

/* Begin XCBuildConfiguration section */
		0085B3AB276B3A1300DB61CD /* Debug */ = {
			isa = XCBuildConfiguration;
			buildSettings = {
				ALWAYS_SEARCH_USER_PATHS = NO;
				CLANG_ANALYZER_NONNULL = YES;
				CLANG_ANALYZER_NUMBER_OBJECT_CONVERSION = YES_AGGRESSIVE;
				CLANG_CXX_LANGUAGE_STANDARD = "gnu++17";
				CLANG_CXX_LIBRARY = "libc++";
				CLANG_ENABLE_MODULES = YES;
				CLANG_ENABLE_OBJC_ARC = YES;
				CLANG_ENABLE_OBJC_WEAK = YES;
				CLANG_WARN_BLOCK_CAPTURE_AUTORELEASING = YES;
				CLANG_WARN_BOOL_CONVERSION = YES;
				CLANG_WARN_COMMA = YES;
				CLANG_WARN_CONSTANT_CONVERSION = YES;
				CLANG_WARN_DEPRECATED_OBJC_IMPLEMENTATIONS = YES;
				CLANG_WARN_DIRECT_OBJC_ISA_USAGE = YES_ERROR;
				CLANG_WARN_DOCUMENTATION_COMMENTS = YES;
				CLANG_WARN_EMPTY_BODY = YES;
				CLANG_WARN_ENUM_CONVERSION = YES;
				CLANG_WARN_INFINITE_RECURSION = YES;
				CLANG_WARN_INT_CONVERSION = YES;
				CLANG_WARN_NON_LITERAL_NULL_CONVERSION = YES;
				CLANG_WARN_OBJC_IMPLICIT_RETAIN_SELF = YES;
				CLANG_WARN_OBJC_LITERAL_CONVERSION = YES;
				CLANG_WARN_OBJC_ROOT_CLASS = YES_ERROR;
				CLANG_WARN_QUOTED_INCLUDE_IN_FRAMEWORK_HEADER = YES;
				CLANG_WARN_RANGE_LOOP_ANALYSIS = YES;
				CLANG_WARN_STRICT_PROTOTYPES = YES;
				CLANG_WARN_SUSPICIOUS_MOVE = YES;
				CLANG_WARN_UNGUARDED_AVAILABILITY = YES_AGGRESSIVE;
				CLANG_WARN_UNREACHABLE_CODE = YES;
				CLANG_WARN__DUPLICATE_METHOD_MATCH = YES;
				COPY_PHASE_STRIP = NO;
				DEBUG_INFORMATION_FORMAT = dwarf;
				ENABLE_STRICT_OBJC_MSGSEND = YES;
				ENABLE_TESTABILITY = YES;
				GCC_C_LANGUAGE_STANDARD = gnu11;
				GCC_DYNAMIC_NO_PIC = NO;
				GCC_NO_COMMON_BLOCKS = YES;
				GCC_OPTIMIZATION_LEVEL = 0;
				GCC_PREPROCESSOR_DEFINITIONS = (
					"DEBUG=1",
					"$(inherited)",
				);
				GCC_WARN_64_TO_32_BIT_CONVERSION = YES;
				GCC_WARN_ABOUT_RETURN_TYPE = YES_ERROR;
				GCC_WARN_UNDECLARED_SELECTOR = YES;
				GCC_WARN_UNINITIALIZED_AUTOS = YES_AGGRESSIVE;
				GCC_WARN_UNUSED_FUNCTION = YES;
				GCC_WARN_UNUSED_VARIABLE = YES;
				IPHONEOS_DEPLOYMENT_TARGET = 15.0;
				MTL_ENABLE_DEBUG_INFO = INCLUDE_SOURCE;
				MTL_FAST_MATH = YES;
				ONLY_ACTIVE_ARCH = YES;
				SDKROOT = iphoneos;
				SWIFT_ACTIVE_COMPILATION_CONDITIONS = DEBUG;
				SWIFT_OPTIMIZATION_LEVEL = "-Onone";
			};
			name = Debug;
		};
		0085B3AC276B3A1300DB61CD /* Release */ = {
			isa = XCBuildConfiguration;
			buildSettings = {
				ALWAYS_SEARCH_USER_PATHS = NO;
				CLANG_ANALYZER_NONNULL = YES;
				CLANG_ANALYZER_NUMBER_OBJECT_CONVERSION = YES_AGGRESSIVE;
				CLANG_CXX_LANGUAGE_STANDARD = "gnu++17";
				CLANG_CXX_LIBRARY = "libc++";
				CLANG_ENABLE_MODULES = YES;
				CLANG_ENABLE_OBJC_ARC = YES;
				CLANG_ENABLE_OBJC_WEAK = YES;
				CLANG_WARN_BLOCK_CAPTURE_AUTORELEASING = YES;
				CLANG_WARN_BOOL_CONVERSION = YES;
				CLANG_WARN_COMMA = YES;
				CLANG_WARN_CONSTANT_CONVERSION = YES;
				CLANG_WARN_DEPRECATED_OBJC_IMPLEMENTATIONS = YES;
				CLANG_WARN_DIRECT_OBJC_ISA_USAGE = YES_ERROR;
				CLANG_WARN_DOCUMENTATION_COMMENTS = YES;
				CLANG_WARN_EMPTY_BODY = YES;
				CLANG_WARN_ENUM_CONVERSION = YES;
				CLANG_WARN_INFINITE_RECURSION = YES;
				CLANG_WARN_INT_CONVERSION = YES;
				CLANG_WARN_NON_LITERAL_NULL_CONVERSION = YES;
				CLANG_WARN_OBJC_IMPLICIT_RETAIN_SELF = YES;
				CLANG_WARN_OBJC_LITERAL_CONVERSION = YES;
				CLANG_WARN_OBJC_ROOT_CLASS = YES_ERROR;
				CLANG_WARN_QUOTED_INCLUDE_IN_FRAMEWORK_HEADER = YES;
				CLANG_WARN_RANGE_LOOP_ANALYSIS = YES;
				CLANG_WARN_STRICT_PROTOTYPES = YES;
				CLANG_WARN_SUSPICIOUS_MOVE = YES;
				CLANG_WARN_UNGUARDED_AVAILABILITY = YES_AGGRESSIVE;
				CLANG_WARN_UNREACHABLE_CODE = YES;
				CLANG_WARN__DUPLICATE_METHOD_MATCH = YES;
				COPY_PHASE_STRIP = NO;
				DEBUG_INFORMATION_FORMAT = "dwarf-with-dsym";
				ENABLE_NS_ASSERTIONS = NO;
				ENABLE_STRICT_OBJC_MSGSEND = YES;
				GCC_C_LANGUAGE_STANDARD = gnu11;
				GCC_NO_COMMON_BLOCKS = YES;
				GCC_WARN_64_TO_32_BIT_CONVERSION = YES;
				GCC_WARN_ABOUT_RETURN_TYPE = YES_ERROR;
				GCC_WARN_UNDECLARED_SELECTOR = YES;
				GCC_WARN_UNINITIALIZED_AUTOS = YES_AGGRESSIVE;
				GCC_WARN_UNUSED_FUNCTION = YES;
				GCC_WARN_UNUSED_VARIABLE = YES;
				IPHONEOS_DEPLOYMENT_TARGET = 15.0;
				MTL_ENABLE_DEBUG_INFO = NO;
				MTL_FAST_MATH = YES;
				SDKROOT = iphoneos;
				SWIFT_COMPILATION_MODE = wholemodule;
				SWIFT_OPTIMIZATION_LEVEL = "-O";
				VALIDATE_PRODUCT = YES;
			};
			name = Release;
		};
		0085B3AE276B3A1300DB61CD /* Debug */ = {
			isa = XCBuildConfiguration;
			buildSettings = {
				ASSETCATALOG_COMPILER_APPICON_NAME = AppIcon;
				ASSETCATALOG_COMPILER_GLOBAL_ACCENT_COLOR_NAME = AccentColor;
				CODE_SIGN_STYLE = Automatic;
				CURRENT_PROJECT_VERSION = 1;
				DEVELOPMENT_TEAM = 5RTUCF9HRR;
				GENERATE_INFOPLIST_FILE = YES;
				INFOPLIST_FILE = Quotes/Info.plist;
				INFOPLIST_KEY_UIApplicationSupportsIndirectInputEvents = YES;
				INFOPLIST_KEY_UILaunchStoryboardName = LaunchScreen;
				INFOPLIST_KEY_UIMainStoryboardFile = Main;
				INFOPLIST_KEY_UISupportedInterfaceOrientations_iPad = "UIInterfaceOrientationPortrait UIInterfaceOrientationPortraitUpsideDown UIInterfaceOrientationLandscapeLeft UIInterfaceOrientationLandscapeRight";
				INFOPLIST_KEY_UISupportedInterfaceOrientations_iPhone = "UIInterfaceOrientationPortrait UIInterfaceOrientationLandscapeLeft UIInterfaceOrientationLandscapeRight";
				LD_RUNPATH_SEARCH_PATHS = (
					"$(inherited)",
					"@executable_path/Frameworks",
				);
				MARKETING_VERSION = 1.0;
				PRODUCT_BUNDLE_IDENTIFIER = com.oopchi.Quotes;
				PRODUCT_NAME = "$(TARGET_NAME)";
				SWIFT_EMIT_LOC_STRINGS = YES;
				SWIFT_VERSION = 5.0;
				TARGETED_DEVICE_FAMILY = "1,2";
			};
			name = Debug;
		};
		0085B3AF276B3A1300DB61CD /* Release */ = {
			isa = XCBuildConfiguration;
			buildSettings = {
				ASSETCATALOG_COMPILER_APPICON_NAME = AppIcon;
				ASSETCATALOG_COMPILER_GLOBAL_ACCENT_COLOR_NAME = AccentColor;
				CODE_SIGN_STYLE = Automatic;
				CURRENT_PROJECT_VERSION = 1;
				DEVELOPMENT_TEAM = 5RTUCF9HRR;
				GENERATE_INFOPLIST_FILE = YES;
				INFOPLIST_FILE = Quotes/Info.plist;
				INFOPLIST_KEY_UIApplicationSupportsIndirectInputEvents = YES;
				INFOPLIST_KEY_UILaunchStoryboardName = LaunchScreen;
				INFOPLIST_KEY_UIMainStoryboardFile = Main;
				INFOPLIST_KEY_UISupportedInterfaceOrientations_iPad = "UIInterfaceOrientationPortrait UIInterfaceOrientationPortraitUpsideDown UIInterfaceOrientationLandscapeLeft UIInterfaceOrientationLandscapeRight";
				INFOPLIST_KEY_UISupportedInterfaceOrientations_iPhone = "UIInterfaceOrientationPortrait UIInterfaceOrientationLandscapeLeft UIInterfaceOrientationLandscapeRight";
				LD_RUNPATH_SEARCH_PATHS = (
					"$(inherited)",
					"@executable_path/Frameworks",
				);
				MARKETING_VERSION = 1.0;
				PRODUCT_BUNDLE_IDENTIFIER = com.oopchi.Quotes;
				PRODUCT_NAME = "$(TARGET_NAME)";
				SWIFT_EMIT_LOC_STRINGS = YES;
				SWIFT_VERSION = 5.0;
				TARGETED_DEVICE_FAMILY = "1,2";
			};
			name = Release;
		};
/* End XCBuildConfiguration section */

/* Begin XCConfigurationList section */
		0085B394276B3A1200DB61CD /* Build configuration list for PBXProject "Quotes" */ = {
			isa = XCConfigurationList;
			buildConfigurations = (
				0085B3AB276B3A1300DB61CD /* Debug */,
				0085B3AC276B3A1300DB61CD /* Release */,
			);
			defaultConfigurationIsVisible = 0;
			defaultConfigurationName = Release;
		};
		0085B3AD276B3A1300DB61CD /* Build configuration list for PBXNativeTarget "Quotes" */ = {
			isa = XCConfigurationList;
			buildConfigurations = (
				0085B3AE276B3A1300DB61CD /* Debug */,
				0085B3AF276B3A1300DB61CD /* Release */,
			);
			defaultConfigurationIsVisible = 0;
			defaultConfigurationName = Release;
		};
/* End XCConfigurationList section */
	};
	rootObject = 0085B391276B3A1200DB61CD /* Project object */;
}
